// !$*UTF8*$!
{
	archiveVersion = 1;
	classes = {
	};
	objectVersion = 50;
	objects = {

/* Begin PBXBuildFile section */
		3105B71C210CD6FB0047C2C0 /* WalletContactOptions.swift in Sources */ = {isa = PBXBuildFile; fileRef = 3105B71B210CD6FB0047C2C0 /* WalletContactOptions.swift */; };
		3105B71E210CE2C80047C2C0 /* UIView(Border).swift in Sources */ = {isa = PBXBuildFile; fileRef = 3105B71D210CE2C80047C2C0 /* UIView(Border).swift */; };
		31144EB020CA8AA400A8E6B4 /* NewWalletViewController.swift in Sources */ = {isa = PBXBuildFile; fileRef = 31144EAF20CA8AA400A8E6B4 /* NewWalletViewController.swift */; };
		3116D392210C724800C5C85F /* WalletOptions.swift in Sources */ = {isa = PBXBuildFile; fileRef = 3116D391210C724800C5C85F /* WalletOptions.swift */; };
		311A40482107CA7B0015952B /* ColorPicker.swift in Sources */ = {isa = PBXBuildFile; fileRef = 311A40472107CA7B0015952B /* ColorPicker.swift */; };
		311A404A21088BAE0015952B /* UIColor(Hex).swift in Sources */ = {isa = PBXBuildFile; fileRef = 311A404921088BAE0015952B /* UIColor(Hex).swift */; };
		313CCACF20E51B5900BF8737 /* CoverView.swift in Sources */ = {isa = PBXBuildFile; fileRef = 313CCACE20E51B5900BF8737 /* CoverView.swift */; };
		313F13DB20E3FA900074796D /* MileWallet-AASA in Resources */ = {isa = PBXBuildFile; fileRef = 313F13DA20E3FA900074796D /* MileWallet-AASA */; };
		3144B658210618D900ED27BF /* RootController.swift in Sources */ = {isa = PBXBuildFile; fileRef = 3144B657210618D900ED27BF /* RootController.swift */; };
		3144B65A210618F900ED27BF /* WalletCardsController.swift in Sources */ = {isa = PBXBuildFile; fileRef = 3144B659210618F900ED27BF /* WalletCardsController.swift */; };
		3144B6602106311E00ED27BF /* UImage(Gradient).swift in Sources */ = {isa = PBXBuildFile; fileRef = 3144B65F2106311E00ED27BF /* UImage(Gradient).swift */; };
		3144B6652106727800ED27BF /* SF-Pro-Display-Bold.otf in Resources */ = {isa = PBXBuildFile; fileRef = 3144B6622106727800ED27BF /* SF-Pro-Display-Bold.otf */; };
		3144B6662106727800ED27BF /* SF-Pro-Text-Regular.otf in Resources */ = {isa = PBXBuildFile; fileRef = 3144B6632106727800ED27BF /* SF-Pro-Text-Regular.otf */; };
		3144B6672106727800ED27BF /* SF-Pro-Text-Semibold.otf in Resources */ = {isa = PBXBuildFile; fileRef = 3144B6642106727800ED27BF /* SF-Pro-Text-Semibold.otf */; };
		3164FD8120C950ED00294A9F /* AppDelegate.swift in Sources */ = {isa = PBXBuildFile; fileRef = 3164FD8020C950ED00294A9F /* AppDelegate.swift */; };
		3164FD8320C950ED00294A9F /* MasterViewController.swift in Sources */ = {isa = PBXBuildFile; fileRef = 3164FD8220C950ED00294A9F /* MasterViewController.swift */; };
		3164FD8520C950ED00294A9F /* DetailViewController.swift in Sources */ = {isa = PBXBuildFile; fileRef = 3164FD8420C950ED00294A9F /* DetailViewController.swift */; };
		3164FD8820C950ED00294A9F /* Main.storyboard in Resources */ = {isa = PBXBuildFile; fileRef = 3164FD8620C950ED00294A9F /* Main.storyboard */; };
		3164FD8D20C950ED00294A9F /* LaunchScreen.storyboard in Resources */ = {isa = PBXBuildFile; fileRef = 3164FD8B20C950ED00294A9F /* LaunchScreen.storyboard */; };
		3182CDC320D1C462000C3C68 /* HTMLTemplate.swift in Sources */ = {isa = PBXBuildFile; fileRef = 3182CDC220D1C462000C3C68 /* HTMLTemplate.swift */; };
		3182CDC520D1C481000C3C68 /* PDF.swift in Sources */ = {isa = PBXBuildFile; fileRef = 3182CDC420D1C481000C3C68 /* PDF.swift */; };
		3182CDC920D2AA9E000C3C68 /* PrintPaymentTemplate.html in Resources */ = {isa = PBXBuildFile; fileRef = 3182CDC820D2AA9D000C3C68 /* PrintPaymentTemplate.html */; };
		3182CDCB20D2AF0D000C3C68 /* PaymentController.swift in Sources */ = {isa = PBXBuildFile; fileRef = 3182CDCA20D2AF0C000C3C68 /* PaymentController.swift */; };
		3185BBF421071937004CDBEF /* Assets.xcassets in Resources */ = {isa = PBXBuildFile; fileRef = 3185BBF321071936004CDBEF /* Assets.xcassets */; };
		3185BBF621072918004CDBEF /* UIButton(App).swift in Sources */ = {isa = PBXBuildFile; fileRef = 3185BBF521072918004CDBEF /* UIButton(App).swift */; };
		318B694720EBCB1A00DCDDB1 /* TextField.swift in Sources */ = {isa = PBXBuildFile; fileRef = 318B694620EBCB1A00DCDDB1 /* TextField.swift */; };
		319AC52B20E642B000FB0D65 /* 00-03-logo-fill-blue.png in Resources */ = {isa = PBXBuildFile; fileRef = 319AC52A20E642AF00FB0D65 /* 00-03-logo-fill-blue.png */; };
		31A9FE9E20DBD2EB00779F60 /* Config.swift in Sources */ = {isa = PBXBuildFile; fileRef = 31A9FE9D20DBD2EB00779F60 /* Config.swift */; };
		31B13C12210CB87C00446E9D /* WalletContacts.swift in Sources */ = {isa = PBXBuildFile; fileRef = 31B13C11210CB87C00446E9D /* WalletContacts.swift */; };
		31B169102109A0570004DE8E /* WalletCell.swift in Sources */ = {isa = PBXBuildFile; fileRef = 31B1690F2109A0570004DE8E /* WalletCell.swift */; };
		31B169142109A1BF0004DE8E /* WalletPreview.swift in Sources */ = {isa = PBXBuildFile; fileRef = 31B169132109A1BF0004DE8E /* WalletPreview.swift */; };
		31B18BE420E4E743005CA426 /* AuthenticationID.swift in Sources */ = {isa = PBXBuildFile; fileRef = 31B18BE320E4E743005CA426 /* AuthenticationID.swift */; };
		31B6091C2109A2C500B66FD8 /* EmptyWallet.swift in Sources */ = {isa = PBXBuildFile; fileRef = 31B6091B2109A2C500B66FD8 /* EmptyWallet.swift */; };
		31BAD73120EBA95700032E0E /* Extensions.swift in Sources */ = {isa = PBXBuildFile; fileRef = 31BAD73020EBA95700032E0E /* Extensions.swift */; };
		31BB792320EA703300AC301A /* Printer.swift in Sources */ = {isa = PBXBuildFile; fileRef = 31BB792220EA703300AC301A /* Printer.swift */; };
		31BB792520EA787400AC301A /* WalletStore.swift in Sources */ = {isa = PBXBuildFile; fileRef = 31BB792420EA787400AC301A /* WalletStore.swift */; };
		31D1333420D9A1E200E2E8D9 /* LocalAuthentication.framework in Frameworks */ = {isa = PBXBuildFile; fileRef = 31D1333320D9A1E200E2E8D9 /* LocalAuthentication.framework */; };
		31D26322210A74E600797080 /* WalletInfo.swift in Sources */ = {isa = PBXBuildFile; fileRef = 31D26321210A74E600797080 /* WalletInfo.swift */; };
		31D8CB9020CAEA9A006C7B8D /* TransferViewController.swift in Sources */ = {isa = PBXBuildFile; fileRef = 31D8CB8F20CAEA9A006C7B8D /* TransferViewController.swift */; };
		31E4E06421076B0900ACE8FD /* WalletCardDetails.swift in Sources */ = {isa = PBXBuildFile; fileRef = 31E4E06321076B0900ACE8FD /* WalletCardDetails.swift */; };
		31E6BF4020D91A6D00C40A80 /* Controller.swift in Sources */ = {isa = PBXBuildFile; fileRef = 31E6BF3F20D91A6D00C40A80 /* Controller.swift */; };
		31F1C86B210C926600C1DF8E /* Model.swift in Sources */ = {isa = PBXBuildFile; fileRef = 31F1C86A210C926600C1DF8E /* Model.swift */; };
		31F1C875210C9DEE00C1DF8E /* Model.xcdatamodeld in Sources */ = {isa = PBXBuildFile; fileRef = 31F1C873210C9DEE00C1DF8E /* Model.xcdatamodeld */; };
		31F2CFE520D177A000C1770B /* PrintSecretTemplate.html in Resources */ = {isa = PBXBuildFile; fileRef = 31F2CFE420D177A000C1770B /* PrintSecretTemplate.html */; };
		6C7F0151E2AF0722F86A75E3 /* Pods_MileWallet.framework in Frameworks */ = {isa = PBXBuildFile; fileRef = B76307F7CB9436B9776FCFD2 /* Pods_MileWallet.framework */; };
/* End PBXBuildFile section */

/* Begin PBXFileReference section */
		3104930B20CC05D5006AB772 /* MyPlayground.playground */ = {isa = PBXFileReference; lastKnownFileType = file.playground; path = MyPlayground.playground; sourceTree = "<group>"; xcLanguageSpecificationIdentifier = xcode.lang.swift; };
		3105B71B210CD6FB0047C2C0 /* WalletContactOptions.swift */ = {isa = PBXFileReference; lastKnownFileType = sourcecode.swift; path = WalletContactOptions.swift; sourceTree = "<group>"; };
		3105B71D210CE2C80047C2C0 /* UIView(Border).swift */ = {isa = PBXFileReference; lastKnownFileType = sourcecode.swift; path = "UIView(Border).swift"; sourceTree = "<group>"; };
		31144EAF20CA8AA400A8E6B4 /* NewWalletViewController.swift */ = {isa = PBXFileReference; lastKnownFileType = sourcecode.swift; path = NewWalletViewController.swift; sourceTree = "<group>"; };
		3116D391210C724800C5C85F /* WalletOptions.swift */ = {isa = PBXFileReference; fileEncoding = 4; lastKnownFileType = sourcecode.swift; path = WalletOptions.swift; sourceTree = "<group>"; };
		311A40472107CA7B0015952B /* ColorPicker.swift */ = {isa = PBXFileReference; lastKnownFileType = sourcecode.swift; path = ColorPicker.swift; sourceTree = "<group>"; };
		311A404921088BAE0015952B /* UIColor(Hex).swift */ = {isa = PBXFileReference; lastKnownFileType = sourcecode.swift; path = "UIColor(Hex).swift"; sourceTree = "<group>"; };
		313CCACE20E51B5900BF8737 /* CoverView.swift */ = {isa = PBXFileReference; lastKnownFileType = sourcecode.swift; path = CoverView.swift; sourceTree = "<group>"; };
		313F13DA20E3FA900074796D /* MileWallet-AASA */ = {isa = PBXFileReference; lastKnownFileType = text; path = "MileWallet-AASA"; sourceTree = "<group>"; xcLanguageSpecificationIdentifier = xcode.lang.javascript; };
		3144B657210618D900ED27BF /* RootController.swift */ = {isa = PBXFileReference; lastKnownFileType = sourcecode.swift; path = RootController.swift; sourceTree = "<group>"; };
		3144B659210618F900ED27BF /* WalletCardsController.swift */ = {isa = PBXFileReference; lastKnownFileType = sourcecode.swift; path = WalletCardsController.swift; sourceTree = "<group>"; };
		3144B65F2106311E00ED27BF /* UImage(Gradient).swift */ = {isa = PBXFileReference; lastKnownFileType = sourcecode.swift; path = "UImage(Gradient).swift"; sourceTree = "<group>"; };
		3144B6622106727800ED27BF /* SF-Pro-Display-Bold.otf */ = {isa = PBXFileReference; lastKnownFileType = file; path = "SF-Pro-Display-Bold.otf"; sourceTree = "<group>"; };
		3144B6632106727800ED27BF /* SF-Pro-Text-Regular.otf */ = {isa = PBXFileReference; lastKnownFileType = file; path = "SF-Pro-Text-Regular.otf"; sourceTree = "<group>"; };
		3144B6642106727800ED27BF /* SF-Pro-Text-Semibold.otf */ = {isa = PBXFileReference; lastKnownFileType = file; path = "SF-Pro-Text-Semibold.otf"; sourceTree = "<group>"; };
		3164FD7D20C950ED00294A9F /* MileWallet.app */ = {isa = PBXFileReference; explicitFileType = wrapper.application; includeInIndex = 0; path = MileWallet.app; sourceTree = BUILT_PRODUCTS_DIR; };
		3164FD8020C950ED00294A9F /* AppDelegate.swift */ = {isa = PBXFileReference; lastKnownFileType = sourcecode.swift; path = AppDelegate.swift; sourceTree = "<group>"; };
		3164FD8220C950ED00294A9F /* MasterViewController.swift */ = {isa = PBXFileReference; lastKnownFileType = sourcecode.swift; path = MasterViewController.swift; sourceTree = "<group>"; };
		3164FD8420C950ED00294A9F /* DetailViewController.swift */ = {isa = PBXFileReference; lastKnownFileType = sourcecode.swift; path = DetailViewController.swift; sourceTree = "<group>"; };
		3164FD8720C950ED00294A9F /* Base */ = {isa = PBXFileReference; lastKnownFileType = file.storyboard; name = Base; path = Base.lproj/Main.storyboard; sourceTree = "<group>"; };
		3164FD8C20C950ED00294A9F /* Base */ = {isa = PBXFileReference; lastKnownFileType = file.storyboard; name = Base; path = Base.lproj/LaunchScreen.storyboard; sourceTree = "<group>"; };
		3164FD8E20C950ED00294A9F /* Info.plist */ = {isa = PBXFileReference; lastKnownFileType = text.plist.xml; path = Info.plist; sourceTree = "<group>"; };
		3182CDC220D1C462000C3C68 /* HTMLTemplate.swift */ = {isa = PBXFileReference; lastKnownFileType = sourcecode.swift; path = HTMLTemplate.swift; sourceTree = "<group>"; };
		3182CDC420D1C481000C3C68 /* PDF.swift */ = {isa = PBXFileReference; lastKnownFileType = sourcecode.swift; path = PDF.swift; sourceTree = "<group>"; };
		3182CDC820D2AA9D000C3C68 /* PrintPaymentTemplate.html */ = {isa = PBXFileReference; fileEncoding = 4; lastKnownFileType = text.html; path = PrintPaymentTemplate.html; sourceTree = "<group>"; };
		3182CDCA20D2AF0C000C3C68 /* PaymentController.swift */ = {isa = PBXFileReference; lastKnownFileType = sourcecode.swift; path = PaymentController.swift; sourceTree = "<group>"; };
		3185BBF321071936004CDBEF /* Assets.xcassets */ = {isa = PBXFileReference; lastKnownFileType = folder.assetcatalog; path = Assets.xcassets; sourceTree = "<group>"; };
		3185BBF521072918004CDBEF /* UIButton(App).swift */ = {isa = PBXFileReference; lastKnownFileType = sourcecode.swift; path = "UIButton(App).swift"; sourceTree = "<group>"; };
		318B694620EBCB1A00DCDDB1 /* TextField.swift */ = {isa = PBXFileReference; lastKnownFileType = sourcecode.swift; path = TextField.swift; sourceTree = "<group>"; };
		319AC52A20E642AF00FB0D65 /* 00-03-logo-fill-blue.png */ = {isa = PBXFileReference; lastKnownFileType = image.png; path = "00-03-logo-fill-blue.png"; sourceTree = "<group>"; };
		31A9FE9D20DBD2EB00779F60 /* Config.swift */ = {isa = PBXFileReference; lastKnownFileType = sourcecode.swift; path = Config.swift; sourceTree = "<group>"; };
		31A9FE9F20DBD50900779F60 /* MileWallet.entitlements */ = {isa = PBXFileReference; lastKnownFileType = text.plist.entitlements; path = MileWallet.entitlements; sourceTree = "<group>"; };
		31B13C11210CB87C00446E9D /* WalletContacts.swift */ = {isa = PBXFileReference; lastKnownFileType = sourcecode.swift; path = WalletContacts.swift; sourceTree = "<group>"; };
		31B1690F2109A0570004DE8E /* WalletCell.swift */ = {isa = PBXFileReference; lastKnownFileType = sourcecode.swift; path = WalletCell.swift; sourceTree = "<group>"; };
		31B169132109A1BF0004DE8E /* WalletPreview.swift */ = {isa = PBXFileReference; fileEncoding = 4; lastKnownFileType = sourcecode.swift; path = WalletPreview.swift; sourceTree = "<group>"; };
		31B18BE320E4E743005CA426 /* AuthenticationID.swift */ = {isa = PBXFileReference; lastKnownFileType = sourcecode.swift; path = AuthenticationID.swift; sourceTree = "<group>"; };
		31B6091B2109A2C500B66FD8 /* EmptyWallet.swift */ = {isa = PBXFileReference; lastKnownFileType = sourcecode.swift; path = EmptyWallet.swift; sourceTree = "<group>"; };
		31BAD73020EBA95700032E0E /* Extensions.swift */ = {isa = PBXFileReference; lastKnownFileType = sourcecode.swift; path = Extensions.swift; sourceTree = "<group>"; };
		31BB792220EA703300AC301A /* Printer.swift */ = {isa = PBXFileReference; lastKnownFileType = sourcecode.swift; path = Printer.swift; sourceTree = "<group>"; };
		31BB792420EA787400AC301A /* WalletStore.swift */ = {isa = PBXFileReference; lastKnownFileType = sourcecode.swift; path = WalletStore.swift; sourceTree = "<group>"; };
		31D1333320D9A1E200E2E8D9 /* LocalAuthentication.framework */ = {isa = PBXFileReference; lastKnownFileType = wrapper.framework; name = LocalAuthentication.framework; path = System/Library/Frameworks/LocalAuthentication.framework; sourceTree = SDKROOT; };
		31D26321210A74E600797080 /* WalletInfo.swift */ = {isa = PBXFileReference; lastKnownFileType = sourcecode.swift; path = WalletInfo.swift; sourceTree = "<group>"; };
		31D8CB8F20CAEA9A006C7B8D /* TransferViewController.swift */ = {isa = PBXFileReference; lastKnownFileType = sourcecode.swift; path = TransferViewController.swift; sourceTree = "<group>"; };
		31E4E06321076B0900ACE8FD /* WalletCardDetails.swift */ = {isa = PBXFileReference; lastKnownFileType = sourcecode.swift; path = WalletCardDetails.swift; sourceTree = "<group>"; };
		31E6BF3F20D91A6D00C40A80 /* Controller.swift */ = {isa = PBXFileReference; fileEncoding = 4; lastKnownFileType = sourcecode.swift; path = Controller.swift; sourceTree = "<group>"; };
		31F1C86A210C926600C1DF8E /* Model.swift */ = {isa = PBXFileReference; lastKnownFileType = sourcecode.swift; path = Model.swift; sourceTree = "<group>"; };
		31F1C874210C9DEE00C1DF8E /* Model.xcdatamodel */ = {isa = PBXFileReference; lastKnownFileType = wrapper.xcdatamodel; path = Model.xcdatamodel; sourceTree = "<group>"; };
		31F2CFE420D177A000C1770B /* PrintSecretTemplate.html */ = {isa = PBXFileReference; fileEncoding = 4; lastKnownFileType = text.html; path = PrintSecretTemplate.html; sourceTree = "<group>"; };
		49204292349409323B45A4FE /* Pods-MileWallet.debug.xcconfig */ = {isa = PBXFileReference; includeInIndex = 1; lastKnownFileType = text.xcconfig; name = "Pods-MileWallet.debug.xcconfig"; path = "Pods/Target Support Files/Pods-MileWallet/Pods-MileWallet.debug.xcconfig"; sourceTree = "<group>"; };
		7B728D4241C0E56F3425037D /* Pods-MileWallet.release.xcconfig */ = {isa = PBXFileReference; includeInIndex = 1; lastKnownFileType = text.xcconfig; name = "Pods-MileWallet.release.xcconfig"; path = "Pods/Target Support Files/Pods-MileWallet/Pods-MileWallet.release.xcconfig"; sourceTree = "<group>"; };
		B76307F7CB9436B9776FCFD2 /* Pods_MileWallet.framework */ = {isa = PBXFileReference; explicitFileType = wrapper.framework; includeInIndex = 0; path = Pods_MileWallet.framework; sourceTree = BUILT_PRODUCTS_DIR; };
/* End PBXFileReference section */

/* Begin PBXFrameworksBuildPhase section */
		3164FD7A20C950ED00294A9F /* Frameworks */ = {
			isa = PBXFrameworksBuildPhase;
			buildActionMask = 2147483647;
			files = (
				31D1333420D9A1E200E2E8D9 /* LocalAuthentication.framework in Frameworks */,
				6C7F0151E2AF0722F86A75E3 /* Pods_MileWallet.framework in Frameworks */,
			);
			runOnlyForDeploymentPostprocessing = 0;
		};
/* End PBXFrameworksBuildPhase section */

/* Begin PBXGroup section */
		311A40422107CA1E0015952B /* Color Picker */ = {
			isa = PBXGroup;
			children = (
				311A40472107CA7B0015952B /* ColorPicker.swift */,
			);
			path = "Color Picker";
			sourceTree = "<group>";
		};
		3144B6562106183400ED27BF /* Root Controller */ = {
			isa = PBXGroup;
			children = (
				3144B657210618D900ED27BF /* RootController.swift */,
				3144B659210618F900ED27BF /* WalletCardsController.swift */,
				31B1690F2109A0570004DE8E /* WalletCell.swift */,
				31D26321210A74E600797080 /* WalletInfo.swift */,
				31B169132109A1BF0004DE8E /* WalletPreview.swift */,
				31B6091B2109A2C500B66FD8 /* EmptyWallet.swift */,
				31E4E06321076B0900ACE8FD /* WalletCardDetails.swift */,
				3116D391210C724800C5C85F /* WalletOptions.swift */,
				31B13C11210CB87C00446E9D /* WalletContacts.swift */,
				3105B71B210CD6FB0047C2C0 /* WalletContactOptions.swift */,
			);
			path = "Root Controller";
			sourceTree = "<group>";
		};
		3144B6612106727800ED27BF /* Fonts */ = {
			isa = PBXGroup;
			children = (
				3144B6622106727800ED27BF /* SF-Pro-Display-Bold.otf */,
				3144B6632106727800ED27BF /* SF-Pro-Text-Regular.otf */,
				3144B6642106727800ED27BF /* SF-Pro-Text-Semibold.otf */,
			);
			path = Fonts;
			sourceTree = "<group>";
		};
		3164FD7420C950ED00294A9F = {
			isa = PBXGroup;
			children = (
				3104930B20CC05D5006AB772 /* MyPlayground.playground */,
				3164FD7F20C950ED00294A9F /* MileWallet */,
				3164FD7E20C950ED00294A9F /* Products */,
				4A187B438964164AE1A7EFA2 /* Pods */,
				E8505BCC5D9F391D44A027E9 /* Frameworks */,
			);
			sourceTree = "<group>";
		};
		3164FD7E20C950ED00294A9F /* Products */ = {
			isa = PBXGroup;
			children = (
				3164FD7D20C950ED00294A9F /* MileWallet.app */,
			);
			name = Products;
			sourceTree = "<group>";
		};
		3164FD7F20C950ED00294A9F /* MileWallet */ = {
			isa = PBXGroup;
			children = (
				3185BBF321071936004CDBEF /* Assets.xcassets */,
				31A9FE9F20DBD50900779F60 /* MileWallet.entitlements */,
				311A40422107CA1E0015952B /* Color Picker */,
				31F1C869210C8F7C00C1DF8E /* Model */,
				3144B6562106183400ED27BF /* Root Controller */,
				318B694820EBCB4200DCDDB1 /* Views */,
				31BAD73220EBB01800032E0E /* Controllers */,
				31F2CFE320D1772800C1770B /* Resources */,
				31A77C8120C9527500462923 /* Classes */,
				3164FD8020C950ED00294A9F /* AppDelegate.swift */,
				3164FD8620C950ED00294A9F /* Main.storyboard */,
				3164FD8B20C950ED00294A9F /* LaunchScreen.storyboard */,
				3164FD8E20C950ED00294A9F /* Info.plist */,
			);
			path = MileWallet;
			sourceTree = "<group>";
		};
		3182CDC120D1C44C000C3C68 /* Printer */ = {
			isa = PBXGroup;
			children = (
				3182CDC220D1C462000C3C68 /* HTMLTemplate.swift */,
				3182CDC420D1C481000C3C68 /* PDF.swift */,
				31BB792220EA703300AC301A /* Printer.swift */,
			);
			path = Printer;
			sourceTree = "<group>";
		};
		318B694820EBCB4200DCDDB1 /* Views */ = {
			isa = PBXGroup;
			children = (
				318B694620EBCB1A00DCDDB1 /* TextField.swift */,
				3144B65F2106311E00ED27BF /* UImage(Gradient).swift */,
				311A404921088BAE0015952B /* UIColor(Hex).swift */,
				3185BBF521072918004CDBEF /* UIButton(App).swift */,
				3105B71D210CE2C80047C2C0 /* UIView(Border).swift */,
			);
			path = Views;
			sourceTree = "<group>";
		};
		31A77C8120C9527500462923 /* Classes */ = {
			isa = PBXGroup;
			children = (
				3182CDC120D1C44C000C3C68 /* Printer */,
				31A9FE9D20DBD2EB00779F60 /* Config.swift */,
				31B18BE320E4E743005CA426 /* AuthenticationID.swift */,
				313CCACE20E51B5900BF8737 /* CoverView.swift */,
				31BAD73020EBA95700032E0E /* Extensions.swift */,
			);
			path = Classes;
			sourceTree = "<group>";
		};
		31BAD73220EBB01800032E0E /* Controllers */ = {
			isa = PBXGroup;
			children = (
				31E6BF3F20D91A6D00C40A80 /* Controller.swift */,
				3164FD8220C950ED00294A9F /* MasterViewController.swift */,
				3164FD8420C950ED00294A9F /* DetailViewController.swift */,
				31144EAF20CA8AA400A8E6B4 /* NewWalletViewController.swift */,
				31D8CB8F20CAEA9A006C7B8D /* TransferViewController.swift */,
				3182CDCA20D2AF0C000C3C68 /* PaymentController.swift */,
			);
			path = Controllers;
			sourceTree = "<group>";
		};
		31F1C869210C8F7C00C1DF8E /* Model */ = {
			isa = PBXGroup;
			children = (
				31F1C86A210C926600C1DF8E /* Model.swift */,
				31F1C873210C9DEE00C1DF8E /* Model.xcdatamodeld */,
				31BB792420EA787400AC301A /* WalletStore.swift */,
			);
			path = Model;
			sourceTree = "<group>";
		};
		31F2CFE320D1772800C1770B /* Resources */ = {
			isa = PBXGroup;
			children = (
				3144B6612106727800ED27BF /* Fonts */,
				319AC52A20E642AF00FB0D65 /* 00-03-logo-fill-blue.png */,
				3182CDC820D2AA9D000C3C68 /* PrintPaymentTemplate.html */,
				31F2CFE420D177A000C1770B /* PrintSecretTemplate.html */,
				313F13DA20E3FA900074796D /* MileWallet-AASA */,
			);
			path = Resources;
			sourceTree = "<group>";
		};
		4A187B438964164AE1A7EFA2 /* Pods */ = {
			isa = PBXGroup;
			children = (
				49204292349409323B45A4FE /* Pods-MileWallet.debug.xcconfig */,
				7B728D4241C0E56F3425037D /* Pods-MileWallet.release.xcconfig */,
			);
			name = Pods;
			sourceTree = "<group>";
		};
		E8505BCC5D9F391D44A027E9 /* Frameworks */ = {
			isa = PBXGroup;
			children = (
				31D1333320D9A1E200E2E8D9 /* LocalAuthentication.framework */,
				B76307F7CB9436B9776FCFD2 /* Pods_MileWallet.framework */,
			);
			name = Frameworks;
			sourceTree = "<group>";
		};
/* End PBXGroup section */

/* Begin PBXNativeTarget section */
		3164FD7C20C950ED00294A9F /* MileWallet */ = {
			isa = PBXNativeTarget;
			buildConfigurationList = 3164FD9120C950ED00294A9F /* Build configuration list for PBXNativeTarget "MileWallet" */;
			buildPhases = (
				63408D3D18E208C7938685D4 /* [CP] Check Pods Manifest.lock */,
				3164FD7920C950ED00294A9F /* Sources */,
				313CCAD220E554B900BF8737 /* Auto-increment the build number every time the project is run */,
				313CCAD320E554D700BF8737 /* Auto-increment the version number (only) when a project is archived */,
				3164FD7A20C950ED00294A9F /* Frameworks */,
				3164FD7B20C950ED00294A9F /* Resources */,
				9B200A977E1BF3ADEA4CD516 /* [CP] Embed Pods Frameworks */,
			);
			buildRules = (
			);
			dependencies = (
			);
			name = MileWallet;
			productName = MileWallet;
			productReference = 3164FD7D20C950ED00294A9F /* MileWallet.app */;
			productType = "com.apple.product-type.application";
		};
/* End PBXNativeTarget section */

/* Begin PBXProject section */
		3164FD7520C950ED00294A9F /* Project object */ = {
			isa = PBXProject;
			attributes = {
				LastSwiftUpdateCheck = 0940;
				LastUpgradeCheck = 0940;
				ORGANIZATIONNAME = Karma.red;
				TargetAttributes = {
					3164FD7C20C950ED00294A9F = {
						CreatedOnToolsVersion = 9.4;
						SystemCapabilities = {
							com.apple.ApplicationGroups.iOS = {
								enabled = 1;
							};
							com.apple.Keychain = {
								enabled = 1;
							};
							com.apple.Push = {
								enabled = 1;
							};
							com.apple.SafariKeychain = {
								enabled = 1;
							};
							com.apple.iCloud = {
								enabled = 1;
							};
						};
					};
				};
			};
			buildConfigurationList = 3164FD7820C950ED00294A9F /* Build configuration list for PBXProject "MileWallet" */;
			compatibilityVersion = "Xcode 9.3";
			developmentRegion = en;
			hasScannedForEncodings = 0;
			knownRegions = (
				en,
				Base,
			);
			mainGroup = 3164FD7420C950ED00294A9F;
			productRefGroup = 3164FD7E20C950ED00294A9F /* Products */;
			projectDirPath = "";
			projectRoot = "";
			targets = (
				3164FD7C20C950ED00294A9F /* MileWallet */,
			);
		};
/* End PBXProject section */

/* Begin PBXResourcesBuildPhase section */
		3164FD7B20C950ED00294A9F /* Resources */ = {
			isa = PBXResourcesBuildPhase;
			buildActionMask = 2147483647;
			files = (
				3164FD8D20C950ED00294A9F /* LaunchScreen.storyboard in Resources */,
				3144B6672106727800ED27BF /* SF-Pro-Text-Semibold.otf in Resources */,
				3182CDC920D2AA9E000C3C68 /* PrintPaymentTemplate.html in Resources */,
				319AC52B20E642B000FB0D65 /* 00-03-logo-fill-blue.png in Resources */,
				3185BBF421071937004CDBEF /* Assets.xcassets in Resources */,
				31F2CFE520D177A000C1770B /* PrintSecretTemplate.html in Resources */,
				313F13DB20E3FA900074796D /* MileWallet-AASA in Resources */,
				3144B6662106727800ED27BF /* SF-Pro-Text-Regular.otf in Resources */,
				3144B6652106727800ED27BF /* SF-Pro-Display-Bold.otf in Resources */,
				3164FD8820C950ED00294A9F /* Main.storyboard in Resources */,
			);
			runOnlyForDeploymentPostprocessing = 0;
		};
/* End PBXResourcesBuildPhase section */

/* Begin PBXShellScriptBuildPhase section */
		313CCAD220E554B900BF8737 /* Auto-increment the build number every time the project is run */ = {
			isa = PBXShellScriptBuildPhase;
			buildActionMask = 2147483647;
			files = (
			);
			inputPaths = (
			);
			name = "Auto-increment the build number every time the project is run";
			outputPaths = (
			);
			runOnlyForDeploymentPostprocessing = 0;
			shellPath = /bin/sh;
			shellScript = "# xcode-build-bump.sh\n# @desc Auto-increment the build number every time the project is run. \n# @usage\n# 1. Select: your Target in Xcode\n# 2. Select: Build Phases Tab\n# 3. Select: Add Build Phase -> Add Run Script\n# 4. Paste code below in to new \"Run Script\" section\n# 5. Drag the \"Run Script\" below \"Link Binaries With Libraries\"\n# 6. Insure that your starting build number is set to a whole integer and not a float (e.g. 1, not 1.0)\n\nbuildNumber=$(/usr/libexec/PlistBuddy -c \"Print CFBundleVersion\" \"${PROJECT_DIR}/${INFOPLIST_FILE}\")\nbuildNumber=$(($buildNumber + 1))\n/usr/libexec/PlistBuddy -c \"Set :CFBundleVersion $buildNumber\" \"${PROJECT_DIR}/${INFOPLIST_FILE}\"";
		};
		313CCAD320E554D700BF8737 /* Auto-increment the version number (only) when a project is archived */ = {
			isa = PBXShellScriptBuildPhase;
			buildActionMask = 8;
			files = (
			);
			inputPaths = (
			);
			name = "Auto-increment the version number (only) when a project is archived";
			outputPaths = (
			);
			runOnlyForDeploymentPostprocessing = 1;
			shellPath = /bin/sh;
			shellScript = "# xcode-version-bump.sh\n# @desc Auto-increment the version number (only) when a project is archived for export. \n# @usage\n# 1. Select: your Target in Xcode\n# 2. Select: Build Phases Tab\n# 3. Select: Add Build Phase -> Add Run Script\n# 4. Paste code below in to new \"Run Script\" section\n# 5. Check the checkbox \"Run script only when installing\"\n# 6. Drag the \"Run Script\" below \"Link Binaries With Libraries\"\n# 7. Insure your starting version number is in SemVer format (e.g. 1.0.0)\n\n# This splits a two-decimal version string, such as \"0.45.123\", allowing us to increment the third position.\nVERSIONNUM=$(/usr/libexec/PlistBuddy -c \"Print CFBundleShortVersionString\" \"${PROJECT_DIR}/${INFOPLIST_FILE}\")\nNEWSUBVERSION=`echo $VERSIONNUM | awk -F \".\" '{print $3}'`\nNEWSUBVERSION=$(($NEWSUBVERSION + 1))\nNEWVERSIONSTRING=`echo $VERSIONNUM | awk -F \".\" '{print $1 \".\" $2 \".'$NEWSUBVERSION'\" }'`\n/usr/libexec/PlistBuddy -c \"Set :CFBundleShortVersionString $NEWVERSIONSTRING\" \"${PROJECT_DIR}/${INFOPLIST_FILE}\"";
		};
		63408D3D18E208C7938685D4 /* [CP] Check Pods Manifest.lock */ = {
			isa = PBXShellScriptBuildPhase;
			buildActionMask = 2147483647;
			files = (
			);
			inputPaths = (
				"${PODS_PODFILE_DIR_PATH}/Podfile.lock",
				"${PODS_ROOT}/Manifest.lock",
			);
			name = "[CP] Check Pods Manifest.lock";
			outputPaths = (
				"$(DERIVED_FILE_DIR)/Pods-MileWallet-checkManifestLockResult.txt",
			);
			runOnlyForDeploymentPostprocessing = 0;
			shellPath = /bin/sh;
			shellScript = "diff \"${PODS_PODFILE_DIR_PATH}/Podfile.lock\" \"${PODS_ROOT}/Manifest.lock\" > /dev/null\nif [ $? != 0 ] ; then\n    # print error to STDERR\n    echo \"error: The sandbox is not in sync with the Podfile.lock. Run 'pod install' or update your CocoaPods installation.\" >&2\n    exit 1\nfi\n# This output is used by Xcode 'outputs' to avoid re-running this script phase.\necho \"SUCCESS\" > \"${SCRIPT_OUTPUT_FILE_0}\"\n";
			showEnvVarsInLog = 0;
		};
		9B200A977E1BF3ADEA4CD516 /* [CP] Embed Pods Frameworks */ = {
			isa = PBXShellScriptBuildPhase;
			buildActionMask = 2147483647;
			files = (
			);
			inputPaths = (
				"${SRCROOT}/Pods/Target Support Files/Pods-MileWallet/Pods-MileWallet-frameworks.sh",
				"${BUILT_PRODUCTS_DIR}/APIKit/APIKit.framework",
				"${BUILT_PRODUCTS_DIR}/EFQRCode/EFQRCode.framework",
				"${BUILT_PRODUCTS_DIR}/JSONRPCKit/JSONRPCKit.framework",
				"${BUILT_PRODUCTS_DIR}/KeychainAccess/KeychainAccess.framework",
				"${BUILT_PRODUCTS_DIR}/MileCsaLight/MileCsaLight.framework",
				"${BUILT_PRODUCTS_DIR}/MileWalletKit/MileWalletKit.framework",
				"${BUILT_PRODUCTS_DIR}/ObjectMapper/ObjectMapper.framework",
				"${BUILT_PRODUCTS_DIR}/QRCodeReader.swift/QRCodeReader.framework",
				"${BUILT_PRODUCTS_DIR}/Result/Result.framework",
				"${BUILT_PRODUCTS_DIR}/SmileLock/SmileLock.framework",
				"${BUILT_PRODUCTS_DIR}/SnapKit/SnapKit.framework",
			);
			name = "[CP] Embed Pods Frameworks";
			outputPaths = (
				"${TARGET_BUILD_DIR}/${FRAMEWORKS_FOLDER_PATH}/APIKit.framework",
				"${TARGET_BUILD_DIR}/${FRAMEWORKS_FOLDER_PATH}/EFQRCode.framework",
				"${TARGET_BUILD_DIR}/${FRAMEWORKS_FOLDER_PATH}/JSONRPCKit.framework",
				"${TARGET_BUILD_DIR}/${FRAMEWORKS_FOLDER_PATH}/KeychainAccess.framework",
				"${TARGET_BUILD_DIR}/${FRAMEWORKS_FOLDER_PATH}/MileCsaLight.framework",
				"${TARGET_BUILD_DIR}/${FRAMEWORKS_FOLDER_PATH}/MileWalletKit.framework",
				"${TARGET_BUILD_DIR}/${FRAMEWORKS_FOLDER_PATH}/ObjectMapper.framework",
				"${TARGET_BUILD_DIR}/${FRAMEWORKS_FOLDER_PATH}/QRCodeReader.framework",
				"${TARGET_BUILD_DIR}/${FRAMEWORKS_FOLDER_PATH}/Result.framework",
				"${TARGET_BUILD_DIR}/${FRAMEWORKS_FOLDER_PATH}/SmileLock.framework",
				"${TARGET_BUILD_DIR}/${FRAMEWORKS_FOLDER_PATH}/SnapKit.framework",
			);
			runOnlyForDeploymentPostprocessing = 0;
			shellPath = /bin/sh;
			shellScript = "\"${SRCROOT}/Pods/Target Support Files/Pods-MileWallet/Pods-MileWallet-frameworks.sh\"\n";
			showEnvVarsInLog = 0;
		};
/* End PBXShellScriptBuildPhase section */

/* Begin PBXSourcesBuildPhase section */
		3164FD7920C950ED00294A9F /* Sources */ = {
			isa = PBXSourcesBuildPhase;
			buildActionMask = 2147483647;
			files = (
				31D26322210A74E600797080 /* WalletInfo.swift in Sources */,
				3182CDCB20D2AF0D000C3C68 /* PaymentController.swift in Sources */,
				311A40482107CA7B0015952B /* ColorPicker.swift in Sources */,
				31144EB020CA8AA400A8E6B4 /* NewWalletViewController.swift in Sources */,
				31B18BE420E4E743005CA426 /* AuthenticationID.swift in Sources */,
				318B694720EBCB1A00DCDDB1 /* TextField.swift in Sources */,
				3182CDC520D1C481000C3C68 /* PDF.swift in Sources */,
				3164FD8520C950ED00294A9F /* DetailViewController.swift in Sources */,
				31BB792320EA703300AC301A /* Printer.swift in Sources */,
				31B6091C2109A2C500B66FD8 /* EmptyWallet.swift in Sources */,
				3185BBF621072918004CDBEF /* UIButton(App).swift in Sources */,
				3164FD8320C950ED00294A9F /* MasterViewController.swift in Sources */,
				31B169142109A1BF0004DE8E /* WalletPreview.swift in Sources */,
				3144B65A210618F900ED27BF /* WalletCardsController.swift in Sources */,
				31BB792520EA787400AC301A /* WalletStore.swift in Sources */,
				3182CDC320D1C462000C3C68 /* HTMLTemplate.swift in Sources */,
				31E6BF4020D91A6D00C40A80 /* Controller.swift in Sources */,
				31F1C875210C9DEE00C1DF8E /* Model.xcdatamodeld in Sources */,
				31B13C12210CB87C00446E9D /* WalletContacts.swift in Sources */,
				31BAD73120EBA95700032E0E /* Extensions.swift in Sources */,
				3144B658210618D900ED27BF /* RootController.swift in Sources */,
				313CCACF20E51B5900BF8737 /* CoverView.swift in Sources */,
				3105B71C210CD6FB0047C2C0 /* WalletContactOptions.swift in Sources */,
				31A9FE9E20DBD2EB00779F60 /* Config.swift in Sources */,
				3116D392210C724800C5C85F /* WalletOptions.swift in Sources */,
				31B169102109A0570004DE8E /* WalletCell.swift in Sources */,
				3105B71E210CE2C80047C2C0 /* UIView(Border).swift in Sources */,
				3144B6602106311E00ED27BF /* UImage(Gradient).swift in Sources */,
				31D8CB9020CAEA9A006C7B8D /* TransferViewController.swift in Sources */,
				31F1C86B210C926600C1DF8E /* Model.swift in Sources */,
				311A404A21088BAE0015952B /* UIColor(Hex).swift in Sources */,
				3164FD8120C950ED00294A9F /* AppDelegate.swift in Sources */,
				31E4E06421076B0900ACE8FD /* WalletCardDetails.swift in Sources */,
			);
			runOnlyForDeploymentPostprocessing = 0;
		};
/* End PBXSourcesBuildPhase section */

/* Begin PBXVariantGroup section */
		3164FD8620C950ED00294A9F /* Main.storyboard */ = {
			isa = PBXVariantGroup;
			children = (
				3164FD8720C950ED00294A9F /* Base */,
			);
			name = Main.storyboard;
			sourceTree = "<group>";
		};
		3164FD8B20C950ED00294A9F /* LaunchScreen.storyboard */ = {
			isa = PBXVariantGroup;
			children = (
				3164FD8C20C950ED00294A9F /* Base */,
			);
			name = LaunchScreen.storyboard;
			sourceTree = "<group>";
		};
/* End PBXVariantGroup section */

/* Begin XCBuildConfiguration section */
		3164FD8F20C950ED00294A9F /* Debug */ = {
			isa = XCBuildConfiguration;
			buildSettings = {
				ALWAYS_SEARCH_USER_PATHS = NO;
				CLANG_ANALYZER_NONNULL = YES;
				CLANG_ANALYZER_NUMBER_OBJECT_CONVERSION = YES_AGGRESSIVE;
				CLANG_CXX_LANGUAGE_STANDARD = "gnu++14";
				CLANG_CXX_LIBRARY = "libc++";
				CLANG_ENABLE_MODULES = YES;
				CLANG_ENABLE_OBJC_ARC = YES;
				CLANG_ENABLE_OBJC_WEAK = YES;
				CLANG_WARN_BLOCK_CAPTURE_AUTORELEASING = YES;
				CLANG_WARN_BOOL_CONVERSION = YES;
				CLANG_WARN_COMMA = YES;
				CLANG_WARN_CONSTANT_CONVERSION = YES;
				CLANG_WARN_DEPRECATED_OBJC_IMPLEMENTATIONS = YES;
				CLANG_WARN_DIRECT_OBJC_ISA_USAGE = YES_ERROR;
				CLANG_WARN_DOCUMENTATION_COMMENTS = YES;
				CLANG_WARN_EMPTY_BODY = YES;
				CLANG_WARN_ENUM_CONVERSION = YES;
				CLANG_WARN_INFINITE_RECURSION = YES;
				CLANG_WARN_INT_CONVERSION = YES;
				CLANG_WARN_NON_LITERAL_NULL_CONVERSION = YES;
				CLANG_WARN_OBJC_IMPLICIT_RETAIN_SELF = YES;
				CLANG_WARN_OBJC_LITERAL_CONVERSION = YES;
				CLANG_WARN_OBJC_ROOT_CLASS = YES_ERROR;
				CLANG_WARN_RANGE_LOOP_ANALYSIS = YES;
				CLANG_WARN_STRICT_PROTOTYPES = YES;
				CLANG_WARN_SUSPICIOUS_MOVE = YES;
				CLANG_WARN_UNGUARDED_AVAILABILITY = YES_AGGRESSIVE;
				CLANG_WARN_UNREACHABLE_CODE = YES;
				CLANG_WARN__DUPLICATE_METHOD_MATCH = YES;
				CODE_SIGN_IDENTITY = "iPhone Developer";
				COPY_PHASE_STRIP = NO;
				DEBUG_INFORMATION_FORMAT = dwarf;
				ENABLE_STRICT_OBJC_MSGSEND = YES;
				ENABLE_TESTABILITY = YES;
				GCC_C_LANGUAGE_STANDARD = gnu11;
				GCC_DYNAMIC_NO_PIC = NO;
				GCC_NO_COMMON_BLOCKS = YES;
				GCC_OPTIMIZATION_LEVEL = 0;
				GCC_PREPROCESSOR_DEFINITIONS = (
					"DEBUG=1",
					"$(inherited)",
				);
				GCC_WARN_64_TO_32_BIT_CONVERSION = YES;
				GCC_WARN_ABOUT_RETURN_TYPE = YES_ERROR;
				GCC_WARN_UNDECLARED_SELECTOR = YES;
				GCC_WARN_UNINITIALIZED_AUTOS = YES_AGGRESSIVE;
				GCC_WARN_UNUSED_FUNCTION = YES;
				GCC_WARN_UNUSED_VARIABLE = YES;
				IPHONEOS_DEPLOYMENT_TARGET = 11.1;
				MTL_ENABLE_DEBUG_INFO = YES;
				ONLY_ACTIVE_ARCH = YES;
				SDKROOT = iphoneos;
				SWIFT_ACTIVE_COMPILATION_CONDITIONS = DEBUG;
				SWIFT_OPTIMIZATION_LEVEL = "-Onone";
			};
			name = Debug;
		};
		3164FD9020C950ED00294A9F /* Release */ = {
			isa = XCBuildConfiguration;
			buildSettings = {
				ALWAYS_SEARCH_USER_PATHS = NO;
				CLANG_ANALYZER_NONNULL = YES;
				CLANG_ANALYZER_NUMBER_OBJECT_CONVERSION = YES_AGGRESSIVE;
				CLANG_CXX_LANGUAGE_STANDARD = "gnu++14";
				CLANG_CXX_LIBRARY = "libc++";
				CLANG_ENABLE_MODULES = YES;
				CLANG_ENABLE_OBJC_ARC = YES;
				CLANG_ENABLE_OBJC_WEAK = YES;
				CLANG_WARN_BLOCK_CAPTURE_AUTORELEASING = YES;
				CLANG_WARN_BOOL_CONVERSION = YES;
				CLANG_WARN_COMMA = YES;
				CLANG_WARN_CONSTANT_CONVERSION = YES;
				CLANG_WARN_DEPRECATED_OBJC_IMPLEMENTATIONS = YES;
				CLANG_WARN_DIRECT_OBJC_ISA_USAGE = YES_ERROR;
				CLANG_WARN_DOCUMENTATION_COMMENTS = YES;
				CLANG_WARN_EMPTY_BODY = YES;
				CLANG_WARN_ENUM_CONVERSION = YES;
				CLANG_WARN_INFINITE_RECURSION = YES;
				CLANG_WARN_INT_CONVERSION = YES;
				CLANG_WARN_NON_LITERAL_NULL_CONVERSION = YES;
				CLANG_WARN_OBJC_IMPLICIT_RETAIN_SELF = YES;
				CLANG_WARN_OBJC_LITERAL_CONVERSION = YES;
				CLANG_WARN_OBJC_ROOT_CLASS = YES_ERROR;
				CLANG_WARN_RANGE_LOOP_ANALYSIS = YES;
				CLANG_WARN_STRICT_PROTOTYPES = YES;
				CLANG_WARN_SUSPICIOUS_MOVE = YES;
				CLANG_WARN_UNGUARDED_AVAILABILITY = YES_AGGRESSIVE;
				CLANG_WARN_UNREACHABLE_CODE = YES;
				CLANG_WARN__DUPLICATE_METHOD_MATCH = YES;
				CODE_SIGN_IDENTITY = "iPhone Developer";
				COPY_PHASE_STRIP = NO;
				DEBUG_INFORMATION_FORMAT = "dwarf-with-dsym";
				ENABLE_NS_ASSERTIONS = NO;
				ENABLE_STRICT_OBJC_MSGSEND = YES;
				GCC_C_LANGUAGE_STANDARD = gnu11;
				GCC_NO_COMMON_BLOCKS = YES;
				GCC_WARN_64_TO_32_BIT_CONVERSION = YES;
				GCC_WARN_ABOUT_RETURN_TYPE = YES_ERROR;
				GCC_WARN_UNDECLARED_SELECTOR = YES;
				GCC_WARN_UNINITIALIZED_AUTOS = YES_AGGRESSIVE;
				GCC_WARN_UNUSED_FUNCTION = YES;
				GCC_WARN_UNUSED_VARIABLE = YES;
				IPHONEOS_DEPLOYMENT_TARGET = 11.1;
				MTL_ENABLE_DEBUG_INFO = NO;
				SDKROOT = iphoneos;
				SWIFT_COMPILATION_MODE = wholemodule;
				SWIFT_OPTIMIZATION_LEVEL = "-O";
				VALIDATE_PRODUCT = YES;
			};
			name = Release;
		};
		3164FD9220C950ED00294A9F /* Debug */ = {
			isa = XCBuildConfiguration;
			baseConfigurationReference = 49204292349409323B45A4FE /* Pods-MileWallet.debug.xcconfig */;
			buildSettings = {
				ASSETCATALOG_COMPILER_APPICON_NAME = AppIcon;
				CODE_SIGN_ENTITLEMENTS = MileWallet/MileWallet.entitlements;
				CODE_SIGN_STYLE = Automatic;
				DEVELOPMENT_TEAM = GHD7Y8FG8V;
				INFOPLIST_FILE = MileWallet/Info.plist;
				LD_RUNPATH_SEARCH_PATHS = (
					"$(inherited)",
					"@executable_path/Frameworks",
				);
				PRODUCT_BUNDLE_IDENTIFIER = global.mile.wallet;
				PRODUCT_NAME = "$(TARGET_NAME)";
				SWIFT_VERSION = 4.0;
				TARGETED_DEVICE_FAMILY = 1;
			};
			name = Debug;
		};
		3164FD9320C950ED00294A9F /* Release */ = {
			isa = XCBuildConfiguration;
			baseConfigurationReference = 7B728D4241C0E56F3425037D /* Pods-MileWallet.release.xcconfig */;
			buildSettings = {
				ASSETCATALOG_COMPILER_APPICON_NAME = AppIcon;
				CODE_SIGN_ENTITLEMENTS = MileWallet/MileWallet.entitlements;
				CODE_SIGN_STYLE = Automatic;
				DEVELOPMENT_TEAM = GHD7Y8FG8V;
				INFOPLIST_FILE = MileWallet/Info.plist;
				LD_RUNPATH_SEARCH_PATHS = (
					"$(inherited)",
					"@executable_path/Frameworks",
				);
				PRODUCT_BUNDLE_IDENTIFIER = global.mile.wallet;
				PRODUCT_NAME = "$(TARGET_NAME)";
				SWIFT_VERSION = 4.0;
				TARGETED_DEVICE_FAMILY = 1;
			};
			name = Release;
		};
/* End XCBuildConfiguration section */

/* Begin XCConfigurationList section */
		3164FD7820C950ED00294A9F /* Build configuration list for PBXProject "MileWallet" */ = {
			isa = XCConfigurationList;
			buildConfigurations = (
				3164FD8F20C950ED00294A9F /* Debug */,
				3164FD9020C950ED00294A9F /* Release */,
			);
			defaultConfigurationIsVisible = 0;
			defaultConfigurationName = Release;
		};
		3164FD9120C950ED00294A9F /* Build configuration list for PBXNativeTarget "MileWallet" */ = {
			isa = XCConfigurationList;
			buildConfigurations = (
				3164FD9220C950ED00294A9F /* Debug */,
				3164FD9320C950ED00294A9F /* Release */,
			);
			defaultConfigurationIsVisible = 0;
			defaultConfigurationName = Release;
		};
/* End XCConfigurationList section */

/* Begin XCVersionGroup section */
		31F1C873210C9DEE00C1DF8E /* Model.xcdatamodeld */ = {
			isa = XCVersionGroup;
			children = (
				31F1C874210C9DEE00C1DF8E /* Model.xcdatamodel */,
			);
			currentVersion = 31F1C874210C9DEE00C1DF8E /* Model.xcdatamodel */;
			path = Model.xcdatamodeld;
			sourceTree = "<group>";
			versionGroupType = wrapper.xcdatamodel;
		};
/* End XCVersionGroup section */
	};
	rootObject = 3164FD7520C950ED00294A9F /* Project object */;
}
